
Microsoft Visual Studio Solution File, Format Version 12.00
# Visual Studio 15
VisualStudioVersion = 15.0.27428.2043
MinimumVisualStudioVersion = 10.0.40219.1
Project("{D2ABAB84-BF74-430A-B69E-9DC6D40DDA17}") = "DFMSSAS", "DFMSSAS\DFMSSAS.dwproj", "{AE88DCED-A259-4A6E-8DD1-B805C5FAD1EF}"
EndProject
Global
	GlobalSection(SolutionConfigurationPlatforms) = preSolution
		Development|Default = Development|Default
	EndGlobalSection
	GlobalSection(ProjectConfigurationPlatforms) = postSolution
		{AE88DCED-A259-4A6E-8DD1-B805C5FAD1EF}.Development|Default.ActiveCfg = Development
		{AE88DCED-A259-4A6E-8DD1-B805C5FAD1EF}.Development|Default.Build.0 = Development
		{AE88DCED-A259-4A6E-8DD1-B805C5FAD1EF}.Development|Default.Deploy.0 = Development
	EndGlobalSection
	GlobalSection(SolutionProperties) = preSolution
		HideSolutionNode = FALSE
	EndGlobalSection
	GlobalSection(ExtensibilityGlobals) = postSolution
		SolutionGuid = {8BD11079-EB74-494A-B985-BB410BA93377}
	EndGlobalSection
EndGlobal
